// !$*UTF8*$!
{
	archiveVersion = 1;
	classes = {
	};
	objectVersion = 46;
	objects = {

/* Begin PBXBuildFile section */
		59B46E5A1C76FE8E00C93A73 /* AppDelegate.swift in Sources */ = {isa = PBXBuildFile; fileRef = 59B46E591C76FE8E00C93A73 /* AppDelegate.swift */; };
		59B46E5C1C76FE8E00C93A73 /* ViewController.swift in Sources */ = {isa = PBXBuildFile; fileRef = 59B46E5B1C76FE8E00C93A73 /* ViewController.swift */; };
		59B46E5F1C76FE8E00C93A73 /* Main.storyboard in Resources */ = {isa = PBXBuildFile; fileRef = 59B46E5D1C76FE8E00C93A73 /* Main.storyboard */; };
		59B46E611C76FE8E00C93A73 /* Assets.xcassets in Resources */ = {isa = PBXBuildFile; fileRef = 59B46E601C76FE8E00C93A73 /* Assets.xcassets */; };
		59B46E641C76FE8E00C93A73 /* LaunchScreen.storyboard in Resources */ = {isa = PBXBuildFile; fileRef = 59B46E621C76FE8E00C93A73 /* LaunchScreen.storyboard */; };
/* End PBXBuildFile section */

/* Begin PBXFileReference section */
		59B46E561C76FE8E00C93A73 /* Useraccount.app */ = {isa = PBXFileReference; explicitFileType = wrapper.application; includeInIndex = 0; path = Useraccount.app; sourceTree = BUILT_PRODUCTS_DIR; };
		59B46E591C76FE8E00C93A73 /* AppDelegate.swift */ = {isa = PBXFileReference; lastKnownFileType = sourcecode.swift; path = AppDelegate.swift; sourceTree = "<group>"; };
		59B46E5B1C76FE8E00C93A73 /* ViewController.swift */ = {isa = PBXFileReference; lastKnownFileType = sourcecode.swift; path = ViewController.swift; sourceTree = "<group>"; };
		59B46E5E1C76FE8E00C93A73 /* Base */ = {isa = PBXFileReference; lastKnownFileType = file.storyboard; name = Base; path = Base.lproj/Main.storyboard; sourceTree = "<group>"; };
		59B46E601C76FE8E00C93A73 /* Assets.xcassets */ = {isa = PBXFileReference; lastKnownFileType = folder.assetcatalog; path = Assets.xcassets; sourceTree = "<group>"; };
		59B46E631C76FE8E00C93A73 /* Base */ = {isa = PBXFileReference; lastKnownFileType = file.storyboard; name = Base; path = Base.lproj/LaunchScreen.storyboard; sourceTree = "<group>"; };
		59B46E651C76FE8E00C93A73 /* Info.plist */ = {isa = PBXFileReference; lastKnownFileType = text.plist.xml; path = Info.plist; sourceTree = "<group>"; };
/* End PBXFileReference section */

/* Begin PBXFrameworksBuildPhase section */
		59B46E531C76FE8E00C93A73 /* Frameworks */ = {
			isa = PBXFrameworksBuildPhase;
			buildActionMask = 2147483647;
			files = (
			);
			runOnlyForDeploymentPostprocessing = 0;
		};
/* End PBXFrameworksBuildPhase section */

/* Begin PBXGroup section */
		59B46E4D1C76FE8E00C93A73 = {
			isa = PBXGroup;
			children = (
				59B46E581C76FE8E00C93A73 /* Useraccount */,
				59B46E571C76FE8E00C93A73 /* Products */,
			);
			sourceTree = "<group>";
		};
		59B46E571C76FE8E00C93A73 /* Products */ = {
			isa = PBXGroup;
			children = (
				59B46E561C76FE8E00C93A73 /* Useraccount.app */,
			);
			name = Products;
			sourceTree = "<group>";
		};
		59B46E581C76FE8E00C93A73 /* Useraccount */ = {
			isa = PBXGroup;
			children = (
				59B46E591C76FE8E00C93A73 /* AppDelegate.swift */,
				59B46E5B1C76FE8E00C93A73 /* ViewController.swift */,
				59B46E5D1C76FE8E00C93A73 /* Main.storyboard */,
				59B46E601C76FE8E00C93A73 /* Assets.xcassets */,
				59B46E621C76FE8E00C93A73 /* LaunchScreen.storyboard */,
				59B46E651C76FE8E00C93A73 /* Info.plist */,
			);
			path = Useraccount;
			sourceTree = "<group>";
		};
/* End PBXGroup section */

/* Begin PBXNativeTarget section */
		59B46E551C76FE8E00C93A73 /* Useraccount */ = {
			isa = PBXNativeTarget;
			buildConfigurationList = 59B46E681C76FE8E00C93A73 /* Build configuration list for PBXNativeTarget "Useraccount" */;
			buildPhases = (
				59B46E521C76FE8E00C93A73 /* Sources */,
				59B46E531C76FE8E00C93A73 /* Frameworks */,
				59B46E541C76FE8E00C93A73 /* Resources */,
			);
			buildRules = (
			);
			dependencies = (
			);
			name = Useraccount;
			productName = Useraccount;
			productReference = 59B46E561C76FE8E00C93A73 /* Useraccount.app */;
			productType = "com.apple.product-type.application";
		};
/* End PBXNativeTarget section */

/* Begin PBXProject section */
		59B46E4E1C76FE8E00C93A73 /* Project object */ = {
			isa = PBXProject;
			attributes = {
				LastSwiftUpdateCheck = 0720;
				LastUpgradeCheck = 0720;
				ORGANIZATIONNAME = Hackenberger;
				TargetAttributes = {
					59B46E551C76FE8E00C93A73 = {
						CreatedOnToolsVersion = 7.2.1;
					};
				};
			};
			buildConfigurationList = 59B46E511C76FE8E00C93A73 /* Build configuration list for PBXProject "Useraccount" */;
			compatibilityVersion = "Xcode 3.2";
			developmentRegion = English;
			hasScannedForEncodings = 0;
			knownRegions = (
				en,
				Base,
			);
			mainGroup = 59B46E4D1C76FE8E00C93A73;
			productRefGroup = 59B46E571C76FE8E00C93A73 /* Products */;
			projectDirPath = "";
			projectRoot = "";
			targets = (
				59B46E551C76FE8E00C93A73 /* Useraccount */,
			);
		};
/* End PBXProject section */

/* Begin PBXResourcesBuildPhase section */
		59B46E541C76FE8E00C93A73 /* Resources */ = {
			isa = PBXResourcesBuildPhase;
			buildActionMask = 2147483647;
			files = (
				59B46E641C76FE8E00C93A73 /* LaunchScreen.storyboard in Resources */,
				59B46E611C76FE8E00C93A73 /* Assets.xcassets in Resources */,
				59B46E5F1C76FE8E00C93A73 /* Main.storyboard in Resources */,
			);
			runOnlyForDeploymentPostprocessing = 0;
		};
/* End PBXResourcesBuildPhase section */

/* Begin PBXSourcesBuildPhase section */
		59B46E521C76FE8E00C93A73 /* Sources */ = {
			isa = PBXSourcesBuildPhase;
			buildActionMask = 2147483647;
			files = (
				59B46E5C1C76FE8E00C93A73 /* ViewController.swift in Sources */,
				59B46E5A1C76FE8E00C93A73 /* AppDelegate.swift in Sources */,
			);
			runOnlyForDeploymentPostprocessing = 0;
		};
/* End PBXSourcesBuildPhase section */

/* Begin PBXVariantGroup section */
		59B46E5D1C76FE8E00C93A73 /* Main.storyboard */ = {
			isa = PBXVariantGroup;
			children = (
				59B46E5E1C76FE8E00C93A73 /* Base */,
			);
			name = Main.storyboard;
			sourceTree = "<group>";
		};
		59B46E621C76FE8E00C93A73 /* LaunchScreen.storyboard */ = {
			isa = PBXVariantGroup;
			children = (
				59B46E631C76FE8E00C93A73 /* Base */,
			);
			name = LaunchScreen.storyboard;
			sourceTree = "<group>";
		};
/* End PBXVariantGroup section */

/* Begin XCBuildConfiguration section */
		59B46E661C76FE8E00C93A73 /* Debug */ = {
			isa = XCBuildConfiguration;
			buildSettings = {
				ALWAYS_SEARCH_USER_PATHS = NO;
				CLANG_CXX_LANGUAGE_STANDARD = "gnu++0x";
				CLANG_CXX_LIBRARY = "libc++";
				CLANG_ENABLE_MODULES = YES;
				CLANG_ENABLE_OBJC_ARC = YES;
				CLANG_WARN_BOOL_CONVERSION = YES;
				CLANG_WARN_CONSTANT_CONVERSION = YES;
				CLANG_WARN_DIRECT_OBJC_ISA_USAGE = YES_ERROR;
				CLANG_WARN_EMPTY_BODY = YES;
				CLANG_WARN_ENUM_CONVERSION = YES;
				CLANG_WARN_INT_CONVERSION = YES;
				CLANG_WARN_OBJC_ROOT_CLASS = YES_ERROR;
				CLANG_WARN_UNREACHABLE_CODE = YES;
				CLANG_WARN__DUPLICATE_METHOD_MATCH = YES;
				"CODE_SIGN_IDENTITY[sdk=iphoneos*]" = "iPhone Developer";
				COPY_PHASE_STRIP = NO;
				DEBUG_INFORMATION_FORMAT = dwarf;
				ENABLE_STRICT_OBJC_MSGSEND = YES;
				ENABLE_TESTABILITY = YES;
				GCC_C_LANGUAGE_STANDARD = gnu99;
				GCC_DYNAMIC_NO_PIC = NO;
				GCC_NO_COMMON_BLOCKS = YES;
				GCC_OPTIMIZATION_LEVEL = 0;
				GCC_PREPROCESSOR_DEFINITIONS = (
					"DEBUG=1",
					"$(inherited)",
				);
				GCC_WARN_64_TO_32_BIT_CONVERSION = YES;
				GCC_WARN_ABOUT_RETURN_TYPE = YES_ERROR;
				GCC_WARN_UNDECLARED_SELECTOR = YES;
				GCC_WARN_UNINITIALIZED_AUTOS = YES_AGGRESSIVE;
				GCC_WARN_UNUSED_FUNCTION = YES;
				GCC_WARN_UNUSED_VARIABLE = YES;
				IPHONEOS_DEPLOYMENT_TARGET = 9.2;
				MTL_ENABLE_DEBUG_INFO = YES;
				ONLY_ACTIVE_ARCH = YES;
				SDKROOT = iphoneos;
				SWIFT_OPTIMIZATION_LEVEL = "-Onone";
			};
			name = Debug;
		};
		59B46E671C76FE8E00C93A73 /* Release */ = {
			isa = XCBuildConfiguration;
			buildSettings = {
				ALWAYS_SEARCH_USER_PATHS = NO;
				CLANG_CXX_LANGUAGE_STANDARD = "gnu++0x";
				CLANG_CXX_LIBRARY = "libc++";
				CLANG_ENABLE_MODULES = YES;
				CLANG_ENABLE_OBJC_ARC = YES;
				CLANG_WARN_BOOL_CONVERSION = YES;
				CLANG_WARN_CONSTANT_CONVERSION = YES;
				CLANG_WARN_DIRECT_OBJC_ISA_USAGE = YES_ERROR;
				CLANG_WARN_EMPTY_BODY = YES;
				CLANG_WARN_ENUM_CONVERSION = YES;
				CLANG_WARN_INT_CONVERSION = YES;
				CLANG_WARN_OBJC_ROOT_CLASS = YES_ERROR;
				CLANG_WARN_UNREACHABLE_CODE = YES;
				CLANG_WARN__DUPLICATE_METHOD_MATCH = YES;
				"CODE_SIGN_IDENTITY[sdk=iphoneos*]" = "iPhone Developer";
				COPY_PHASE_STRIP = NO;
				DEBUG_INFORMATION_FORMAT = "dwarf-with-dsym";
				ENABLE_NS_ASSERTIONS = NO;
				ENABLE_STRICT_OBJC_MSGSEND = YES;
				GCC_C_LANGUAGE_STANDARD = gnu99;
				GCC_NO_COMMON_BLOCKS = YES;
				GCC_WARN_64_TO_32_BIT_CONVERSION = YES;
				GCC_WARN_ABOUT_RETURN_TYPE = YES_ERROR;
				GCC_WARN_UNDECLARED_SELECTOR = YES;
				GCC_WARN_UNINITIALIZED_AUTOS = YES_AGGRESSIVE;
				GCC_WARN_UNUSED_FUNCTION = YES;
				GCC_WARN_UNUSED_VARIABLE = YES;
				IPHONEOS_DEPLOYMENT_TARGET = 9.2;
				MTL_ENABLE_DEBUG_INFO = NO;
				SDKROOT = iphoneos;
				VALIDATE_PRODUCT = YES;
			};
			name = Release;
		};
		59B46E691C76FE8E00C93A73 /* Debug */ = {
			isa = XCBuildConfiguration;
			buildSettings = {
				ASSETCATALOG_COMPILER_APPICON_NAME = AppIcon;
				INFOPLIST_FILE = Useraccount/Info.plist;
				LD_RUNPATH_SEARCH_PATHS = "$(inherited) @executable_path/Frameworks";
				PRODUCT_BUNDLE_IDENTIFIER = at.hackenberger.Useraccount;
				PRODUCT_NAME = "$(TARGET_NAME)";
			};
			name = Debug;
		};
		59B46E6A1C76FE8E00C93A73 /* Release */ = {
			isa = XCBuildConfiguration;
			buildSettings = {
				ASSETCATALOG_COMPILER_APPICON_NAME = AppIcon;
				INFOPLIST_FILE = Useraccount/Info.plist;
				LD_RUNPATH_SEARCH_PATHS = "$(inherited) @executable_path/Frameworks";
				PRODUCT_BUNDLE_IDENTIFIER = at.hackenberger.Useraccount;
				PRODUCT_NAME = "$(TARGET_NAME)";
			};
			name = Release;
		};
/* End XCBuildConfiguration section */

/* Begin XCConfigurationList section */
		59B46E511C76FE8E00C93A73 /* Build configuration list for PBXProject "Useraccount" */ = {
			isa = XCConfigurationList;
			buildConfigurations = (
				59B46E661C76FE8E00C93A73 /* Debug */,
				59B46E671C76FE8E00C93A73 /* Release */,
			);
			defaultConfigurationIsVisible = 0;
			defaultConfigurationName = Release;
		};
		59B46E681C76FE8E00C93A73 /* Build configuration list for PBXNativeTarget "Useraccount" */ = {
			isa = XCConfigurationList;
			buildConfigurations = (
				59B46E691C76FE8E00C93A73 /* Debug */,
				59B46E6A1C76FE8E00C93A73 /* Release */,
			);
			defaultConfigurationIsVisible = 0;
		};
/* End XCConfigurationList section */
	};
	rootObject = 59B46E4E1C76FE8E00C93A73 /* Project object */;
}
